{
  "name": "test_bcash",
  "version": "1.0.0",
  "lockfileVersion": 1,
  "requires": true,
  "dependencies": {
    "bcash": {
      "version": "file:../bcash",
      "requires": {
        "bcfg": "0.0.2",
        "bclient": "0.0.2",
        "bcrypto": "0.2.0",
        "bdb": "0.1.0",
        "bdns": "0.0.2",
        "bevent": "0.0.2",
        "bfile": "0.0.2",
        "bfilter": "0.1.2",
        "bheep": "0.0.1",
        "binet": "0.2.0",
        "blgr": "0.0.2",
        "blru": "0.0.1",
        "blst": "0.0.1",
        "bmutex": "0.0.2",
        "bn.js": "4.11.8",
        "bsip": "0.0.2",
        "bsock": "0.0.2",
        "bsocks": "0.1.0",
        "bstring": "0.0.2",
        "btcp": "0.0.2",
        "bufio": "0.1.0",
        "bupnp": "0.1.0",
        "bval": "0.0.2",
        "bweb": "0.0.2",
        "mrmr": "0.0.1",
        "n64": "0.1.2"
      },
      "dependencies": {
        "abstract-leveldown": {
          "version": "4.0.3",
          "bundled": true,
          "requires": {
            "xtend": "4.0.1"
          }
        },
        "ansi-regex": {
          "version": "2.1.1",
          "bundled": true
        },
        "aproba": {
          "version": "1.2.0",
          "bundled": true
        },
        "are-we-there-yet": {
          "version": "1.1.4",
          "bundled": true,
          "requires": {
            "delegates": "1.0.0",
            "readable-stream": "2.3.6"
          }
        },
        "bcfg": {
          "version": "0.0.2",
          "bundled": true
        },
        "bclient": {
          "version": "0.0.2",
          "bundled": true,
          "requires": {
            "bcfg": "0.0.2",
            "bcurl": "0.0.2"
          }
        },
        "bcrypto": {
          "version": "0.2.0",
          "bundled": true,
          "requires": {
            "bindings": "1.3.0",
            "nan": "2.9.2",
            "secp256k1": "3.5.0"
          }
        },
        "bcurl": {
          "version": "0.0.2",
          "bundled": true,
          "requires": {
            "brq": "0.0.2",
            "bsock": "0.0.2"
          }
        },
        "bdb": {
          "version": "0.1.0",
          "bundled": true,
          "requires": {
            "leveldown": "3.0.0"
          }
        },
        "bdns": {
          "version": "0.0.2",
          "bundled": true
        },
        "bevent": {
          "version": "0.0.2",
          "bundled": true
        },
        "bfile": {
          "version": "0.0.2",
          "bundled": true
        },
        "bfilter": {
          "version": "0.1.2",
          "bundled": true,
          "requires": {
            "bufio": "0.1.0",
            "mrmr": "0.0.1"
          }
        },
        "bheep": {
          "version": "0.0.1",
          "bundled": true
        },
        "bindings": {
          "version": "1.3.0",
          "bundled": true
        },
        "binet": {
          "version": "0.2.0",
          "bundled": true,
          "requires": {
            "bs32": "0.0.1"
          }
        },
        "bip66": {
          "version": "1.1.5",
          "bundled": true,
          "requires": {
            "safe-buffer": "5.1.2"
          }
        },
        "bl": {
          "version": "1.2.2",
          "bundled": true,
          "requires": {
            "readable-stream": "2.3.6",
            "safe-buffer": "5.1.2"
          }
        },
        "blgr": {
          "version": "0.0.2",
          "bundled": true
        },
        "blru": {
          "version": "0.0.1",
          "bundled": true
        },
        "blst": {
          "version": "0.0.1",
          "bundled": true
        },
        "bmutex": {
          "version": "0.0.2",
          "bundled": true
        },
        "bn.js": {
          "version": "4.11.8",
          "bundled": true
        },
        "brorand": {
          "version": "1.1.0",
          "bundled": true
        },
        "browserify-aes": {
          "version": "1.2.0",
          "bundled": true,
          "requires": {
            "buffer-xor": "1.0.3",
            "cipher-base": "1.0.4",
            "create-hash": "1.2.0",
            "evp_bytestokey": "1.0.3",
            "inherits": "2.0.3",
            "safe-buffer": "5.1.2"
          }
        },
        "brq": {
          "version": "0.0.2",
          "bundled": true
        },
        "bs32": {
          "version": "0.0.1",
          "bundled": true
        },
        "bsip": {
          "version": "0.0.2",
          "bundled": true,
          "requires": {
            "bindings": "1.3.0",
            "nan": "2.9.2"
          }
        },
        "bsock": {
          "version": "0.0.2",
          "bundled": true,
          "requires": {
            "faye-websocket": "0.11.1"
          }
        },
        "bsocks": {
          "version": "0.1.0",
          "bundled": true,
          "requires": {
            "binet": "0.2.0"
          }
        },
        "bstring": {
          "version": "0.0.2",
          "bundled": true,
          "requires": {
            "bindings": "1.3.0",
            "nan": "2.9.2"
          }
        },
        "btcp": {
          "version": "0.0.2",
          "bundled": true
        },
        "buffer-alloc": {
          "version": "1.1.0",
          "bundled": true,
          "requires": {
            "buffer-alloc-unsafe": "0.1.1",
            "buffer-fill": "0.1.1"
          }
        },
        "buffer-alloc-unsafe": {
          "version": "0.1.1",
          "bundled": true
        },
        "buffer-fill": {
          "version": "0.1.1",
          "bundled": true
        },
        "buffer-xor": {
          "version": "1.0.3",
          "bundled": true
        },
        "bufio": {
          "version": "0.1.0",
          "bundled": true,
          "requires": {
            "n64": "0.1.2"
          }
        },
        "bupnp": {
          "version": "0.1.0",
          "bundled": true,
          "requires": {
            "binet": "0.2.0",
            "brq": "0.0.2"
          }
        },
        "bval": {
          "version": "0.0.2",
          "bundled": true
        },
        "bweb": {
          "version": "0.0.2",
          "bundled": true,
          "requires": {
            "bsock": "0.0.2"
          }
        },
        "chownr": {
          "version": "1.0.1",
          "bundled": true
        },
        "cipher-base": {
          "version": "1.0.4",
          "bundled": true,
          "requires": {
            "inherits": "2.0.3",
            "safe-buffer": "5.1.2"
          }
        },
        "code-point-at": {
          "version": "1.1.0",
          "bundled": true
        },
        "console-control-strings": {
          "version": "1.1.0",
          "bundled": true
        },
        "core-util-is": {
          "version": "1.0.2",
          "bundled": true
        },
        "create-hash": {
          "version": "1.2.0",
          "bundled": true,
          "requires": {
            "cipher-base": "1.0.4",
            "inherits": "2.0.3",
            "md5.js": "1.3.4",
            "ripemd160": "2.0.2",
            "sha.js": "2.4.11"
          }
        },
        "create-hmac": {
          "version": "1.1.7",
          "bundled": true,
          "requires": {
            "cipher-base": "1.0.4",
            "create-hash": "1.2.0",
            "inherits": "2.0.3",
            "ripemd160": "2.0.2",
            "safe-buffer": "5.1.2",
            "sha.js": "2.4.11"
          }
        },
        "decompress-response": {
          "version": "3.3.0",
          "bundled": true,
          "requires": {
            "mimic-response": "1.0.0"
          }
        },
        "deep-extend": {
          "version": "0.5.1",
          "bundled": true
        },
        "delegates": {
          "version": "1.0.0",
          "bundled": true
        },
        "detect-libc": {
          "version": "1.0.3",
          "bundled": true
        },
        "drbg.js": {
          "version": "1.0.1",
          "bundled": true,
          "requires": {
            "browserify-aes": "1.2.0",
            "create-hash": "1.2.0",
            "create-hmac": "1.1.7"
          }
        },
        "elliptic": {
          "version": "6.4.0",
          "bundled": true,
          "requires": {
            "bn.js": "4.11.8",
            "brorand": "1.1.0",
            "hash.js": "1.1.3",
            "hmac-drbg": "1.0.1",
            "inherits": "2.0.3",
            "minimalistic-assert": "1.0.1",
            "minimalistic-crypto-utils": "1.0.1"
          }
        },
        "end-of-stream": {
          "version": "1.4.1",
          "bundled": true,
          "requires": {
            "once": "1.4.0"
          }
        },
        "evp_bytestokey": {
          "version": "1.0.3",
          "bundled": true,
          "requires": {
            "md5.js": "1.3.4",
            "safe-buffer": "5.1.2"
          }
        },
        "expand-template": {
          "version": "1.1.1",
          "bundled": true
        },
        "fast-future": {
          "version": "1.0.2",
          "bundled": true
        },
        "faye-websocket": {
          "version": "0.11.1",
          "bundled": true,
          "requires": {
            "websocket-driver": "0.7.0"
          }
        },
        "fs-constants": {
          "version": "1.0.0",
          "bundled": true
        },
        "gauge": {
          "version": "2.7.4",
          "bundled": true,
          "requires": {
            "aproba": "1.2.0",
            "console-control-strings": "1.1.0",
            "has-unicode": "2.0.1",
            "object-assign": "4.1.1",
            "signal-exit": "3.0.2",
            "string-width": "1.0.2",
            "strip-ansi": "3.0.1",
            "wide-align": "1.1.2"
          }
        },
        "github-from-package": {
          "version": "0.0.0",
          "bundled": true
        },
        "has-unicode": {
          "version": "2.0.1",
          "bundled": true
        },
        "hash-base": {
          "version": "3.0.4",
          "bundled": true,
          "requires": {
            "inherits": "2.0.3",
            "safe-buffer": "5.1.2"
          }
        },
        "hash.js": {
          "version": "1.1.3",
          "bundled": true,
          "requires": {
            "inherits": "2.0.3",
            "minimalistic-assert": "1.0.1"
          }
        },
        "hmac-drbg": {
          "version": "1.0.1",
          "bundled": true,
          "requires": {
            "hash.js": "1.1.3",
            "minimalistic-assert": "1.0.1",
            "minimalistic-crypto-utils": "1.0.1"
          }
        },
        "http-parser-js": {
          "version": "0.4.12",
          "bundled": true
        },
        "inherits": {
          "version": "2.0.3",
          "bundled": true
        },
        "ini": {
          "version": "1.3.5",
          "bundled": true
        },
        "is-fullwidth-code-point": {
          "version": "1.0.0",
          "bundled": true,
          "requires": {
            "number-is-nan": "1.0.1"
          }
        },
        "isarray": {
          "version": "1.0.0",
          "bundled": true
        },
        "leveldown": {
          "version": "3.0.0",
          "bundled": true,
          "requires": {
            "abstract-leveldown": "4.0.3",
            "bindings": "1.3.0",
            "fast-future": "1.0.2",
            "nan": "2.8.0",
            "prebuild-install": "2.5.3"
          },
          "dependencies": {
            "nan": {
              "version": "2.8.0",
              "bundled": true
            }
          }
        },
        "md5.js": {
          "version": "1.3.4",
          "bundled": true,
          "requires": {
            "hash-base": "3.0.4",
            "inherits": "2.0.3"
          }
        },
        "mimic-response": {
          "version": "1.0.0",
          "bundled": true
        },
        "minimalistic-assert": {
          "version": "1.0.1",
          "bundled": true
        },
        "minimalistic-crypto-utils": {
          "version": "1.0.1",
          "bundled": true
        },
        "minimist": {
          "version": "1.2.0",
          "bundled": true
        },
        "mkdirp": {
          "version": "0.5.1",
          "bundled": true,
          "requires": {
            "minimist": "0.0.8"
          },
          "dependencies": {
            "minimist": {
              "version": "0.0.8",
              "bundled": true
            }
          }
        },
        "mrmr": {
          "version": "0.0.1",
          "bundled": true,
          "requires": {
            "bindings": "1.3.0",
            "nan": "2.9.2"
          }
        },
        "n64": {
          "version": "0.1.2",
          "bundled": true
        },
        "nan": {
          "version": "2.9.2",
          "bundled": true
        },
        "node-abi": {
          "version": "2.4.1",
          "bundled": true,
          "requires": {
            "semver": "5.5.0"
          }
        },
        "noop-logger": {
          "version": "0.1.1",
          "bundled": true
        },
        "npmlog": {
          "version": "4.1.2",
          "bundled": true,
          "requires": {
            "are-we-there-yet": "1.1.4",
            "console-control-strings": "1.1.0",
            "gauge": "2.7.4",
            "set-blocking": "2.0.0"
          }
        },
        "number-is-nan": {
          "version": "1.0.1",
          "bundled": true
        },
        "object-assign": {
          "version": "4.1.1",
          "bundled": true
        },
        "once": {
          "version": "1.4.0",
          "bundled": true,
          "requires": {
            "wrappy": "1.0.2"
          }
        },
        "os-homedir": {
          "version": "1.0.2",
          "bundled": true
        },
        "prebuild-install": {
          "version": "2.5.3",
          "bundled": true,
          "requires": {
            "detect-libc": "1.0.3",
            "expand-template": "1.1.1",
            "github-from-package": "0.0.0",
            "minimist": "1.2.0",
            "mkdirp": "0.5.1",
            "node-abi": "2.4.1",
            "noop-logger": "0.1.1",
            "npmlog": "4.1.2",
            "os-homedir": "1.0.2",
            "pump": "2.0.1",
            "rc": "1.2.7",
            "simple-get": "2.8.1",
            "tar-fs": "1.16.2",
            "tunnel-agent": "0.6.0",
            "which-pm-runs": "1.0.0"
          }
        },
        "process-nextick-args": {
          "version": "2.0.0",
          "bundled": true
        },
        "pump": {
          "version": "2.0.1",
          "bundled": true,
          "requires": {
            "end-of-stream": "1.4.1",
            "once": "1.4.0"
          }
        },
        "rc": {
          "version": "1.2.7",
          "bundled": true,
          "requires": {
            "deep-extend": "0.5.1",
            "ini": "1.3.5",
            "minimist": "1.2.0",
            "strip-json-comments": "2.0.1"
          }
        },
        "readable-stream": {
          "version": "2.3.6",
          "bundled": true,
          "requires": {
            "core-util-is": "1.0.2",
            "inherits": "2.0.3",
            "isarray": "1.0.0",
            "process-nextick-args": "2.0.0",
            "safe-buffer": "5.1.2",
            "string_decoder": "1.1.1",
            "util-deprecate": "1.0.2"
          }
        },
        "ripemd160": {
          "version": "2.0.2",
          "bundled": true,
          "requires": {
            "hash-base": "3.0.4",
            "inherits": "2.0.3"
          }
        },
        "safe-buffer": {
          "version": "5.1.2",
          "bundled": true
        },
        "secp256k1": {
          "version": "3.5.0",
          "bundled": true,
          "requires": {
            "bindings": "1.3.0",
            "bip66": "1.1.5",
            "bn.js": "4.11.8",
            "create-hash": "1.2.0",
            "drbg.js": "1.0.1",
            "elliptic": "6.4.0",
            "nan": "2.9.2",
            "safe-buffer": "5.1.2"
          }
        },
        "semver": {
          "version": "5.5.0",
          "bundled": true
        },
        "set-blocking": {
          "version": "2.0.0",
          "bundled": true
        },
        "sha.js": {
          "version": "2.4.11",
          "bundled": true,
          "requires": {
            "inherits": "2.0.3",
            "safe-buffer": "5.1.2"
          }
        },
        "signal-exit": {
          "version": "3.0.2",
          "bundled": true
        },
        "simple-concat": {
          "version": "1.0.0",
          "bundled": true
        },
        "simple-get": {
          "version": "2.8.1",
          "bundled": true,
          "requires": {
            "decompress-response": "3.3.0",
            "once": "1.4.0",
            "simple-concat": "1.0.0"
          }
        },
        "string-width": {
          "version": "1.0.2",
          "bundled": true,
          "requires": {
            "code-point-at": "1.1.0",
            "is-fullwidth-code-point": "1.0.0",
            "strip-ansi": "3.0.1"
          }
        },
        "string_decoder": {
          "version": "1.1.1",
          "bundled": true,
          "requires": {
            "safe-buffer": "5.1.2"
          }
        },
        "strip-ansi": {
          "version": "3.0.1",
          "bundled": true,
          "requires": {
            "ansi-regex": "2.1.1"
          }
        },
        "strip-json-comments": {
          "version": "2.0.1",
          "bundled": true
        },
        "tar-fs": {
          "version": "1.16.2",
          "bundled": true,
          "requires": {
            "chownr": "1.0.1",
            "mkdirp": "0.5.1",
            "pump": "1.0.3",
            "tar-stream": "1.6.1"
          },
          "dependencies": {
            "pump": {
              "version": "1.0.3",
              "bundled": true,
              "requires": {
                "end-of-stream": "1.4.1",
                "once": "1.4.0"
              }
            }
          }
        },
        "tar-stream": {
          "version": "1.6.1",
          "bundled": true,
          "requires": {
            "bl": "1.2.2",
            "buffer-alloc": "1.1.0",
            "end-of-stream": "1.4.1",
            "fs-constants": "1.0.0",
            "readable-stream": "2.3.6",
            "to-buffer": "1.1.1",
            "xtend": "4.0.1"
          }
        },
        "to-buffer": {
          "version": "1.1.1",
          "bundled": true
        },
        "tunnel-agent": {
          "version": "0.6.0",
          "bundled": true,
          "requires": {
            "safe-buffer": "5.1.2"
          }
        },
        "util-deprecate": {
          "version": "1.0.2",
          "bundled": true
        },
        "websocket-driver": {
          "version": "0.7.0",
          "bundled": true,
          "requires": {
            "http-parser-js": "0.4.12",
            "websocket-extensions": "0.1.3"
          }
        },
        "websocket-extensions": {
          "version": "0.1.3",
          "bundled": true
        },
        "which-pm-runs": {
          "version": "1.0.0",
          "bundled": true
        },
        "wide-align": {
          "version": "1.1.2",
          "bundled": true,
          "requires": {
            "string-width": "1.0.2"
          }
        },
        "wrappy": {
          "version": "1.0.2",
          "bundled": true
        },
        "xtend": {
          "version": "4.0.1",
          "bundled": true
        }
      }
    }
  }
}
